
Microsoft Visual Studio Solution File, Format Version 12.00
# Visual Studio 2013
VisualStudioVersion = 12.0.40629.0
MinimumVisualStudioVersion = 10.0.40219.1
Project("{FAE04EC0-301F-11D3-BF4B-00C04F79EFBC}") = "ClinicalTrials", "ClinicalTrials\ClinicalTrials.csproj", "{C3E87F9F-C151-4613-9836-BF5A0A8FDDFE}"
EndProject
Project("{CC5FD16D-436D-48AD-A40C-5A424C6E3E79}") = "ClinicalTrials.Azure2", "ClinicalTrials.Azure2\ClinicalTrials.Azure2.ccproj", "{644E6BC4-C002-44E3-9764-C2898347A6E8}"
EndProject
Global
	GlobalSection(SolutionConfigurationPlatforms) = preSolution
		Debug|Any CPU = Debug|Any CPU
		Release|Any CPU = Release|Any CPU
	EndGlobalSection
	GlobalSection(ProjectConfigurationPlatforms) = postSolution
		{C3E87F9F-C151-4613-9836-BF5A0A8FDDFE}.Debug|Any CPU.ActiveCfg = Debug|Any CPU
		{C3E87F9F-C151-4613-9836-BF5A0A8FDDFE}.Debug|Any CPU.Build.0 = Debug|Any CPU
		{C3E87F9F-C151-4613-9836-BF5A0A8FDDFE}.Release|Any CPU.ActiveCfg = Release|Any CPU
		{C3E87F9F-C151-4613-9836-BF5A0A8FDDFE}.Release|Any CPU.Build.0 = Release|Any CPU
		{644E6BC4-C002-44E3-9764-C2898347A6E8}.Debug|Any CPU.ActiveCfg = Debug|Any CPU
		{644E6BC4-C002-44E3-9764-C2898347A6E8}.Debug|Any CPU.Build.0 = Debug|Any CPU
		{644E6BC4-C002-44E3-9764-C2898347A6E8}.Release|Any CPU.ActiveCfg = Release|Any CPU
		{644E6BC4-C002-44E3-9764-C2898347A6E8}.Release|Any CPU.Build.0 = Release|Any CPU
	EndGlobalSection
	GlobalSection(SolutionProperties) = preSolution
		HideSolutionNode = FALSE
	EndGlobalSection
EndGlobal
